
Microsoft Visual Studio Solution File, Format Version 12.00
# Visual Studio Version 16
VisualStudioVersion = 16.0.31702.278
MinimumVisualStudioVersion = 10.0.40219.1
Project("{FAE04EC0-301F-11D3-BF4B-00C04F79EFBC}") = "BayerRadyofarmasotik", "BayerRadyofarmasotik\BayerRadyofarmasotik.csproj", "{9C0ABD49-4AF5-44D1-B9EC-C1DECD70E4F8}"
EndProject
Global
	GlobalSection(SolutionConfigurationPlatforms) = preSolution
		Debug|Any CPU = Debug|Any CPU
		Release|Any CPU = Release|Any CPU
	EndGlobalSection
	GlobalSection(ProjectConfigurationPlatforms) = postSolution
		{9C0ABD49-4AF5-44D1-B9EC-C1DECD70E4F8}.Debug|Any CPU.ActiveCfg = Debug|Any CPU
		{9C0ABD49-4AF5-44D1-B9EC-C1DECD70E4F8}.Debug|Any CPU.Build.0 = Debug|Any CPU
		{9C0ABD49-4AF5-44D1-B9EC-C1DECD70E4F8}.Release|Any CPU.ActiveCfg = Release|Any CPU
		{9C0ABD49-4AF5-44D1-B9EC-C1DECD70E4F8}.Release|Any CPU.Build.0 = Release|Any CPU
	EndGlobalSection
	GlobalSection(SolutionProperties) = preSolution
		HideSolutionNode = FALSE
	EndGlobalSection
	GlobalSection(ExtensibilityGlobals) = postSolution
		SolutionGuid = {82C5F3B5-91B7-40B5-8974-42ABD612F3C6}
	EndGlobalSection
EndGlobal
